// !$*UTF8*$!
{
	archiveVersion = 1;
	classes = {
	};
	objectVersion = 55;
	objects = {

/* Begin PBXBuildFile section */
		495C9E6328A6A6700079A2C7 /* TabBarViewController.swift in Sources */ = {isa = PBXBuildFile; fileRef = 495C9E6228A6A6700079A2C7 /* TabBarViewController.swift */; };
		49DFE46E28A5066000BDCA99 /* AppDelegate.swift in Sources */ = {isa = PBXBuildFile; fileRef = 49DFE46D28A5066000BDCA99 /* AppDelegate.swift */; };
		49DFE47028A5066000BDCA99 /* SceneDelegate.swift in Sources */ = {isa = PBXBuildFile; fileRef = 49DFE46F28A5066000BDCA99 /* SceneDelegate.swift */; };
		49DFE47228A5066000BDCA99 /* SearchViewController.swift in Sources */ = {isa = PBXBuildFile; fileRef = 49DFE47128A5066000BDCA99 /* SearchViewController.swift */; };
		49DFE47828A5066000BDCA99 /* QonaqZhai.xcdatamodeld in Sources */ = {isa = PBXBuildFile; fileRef = 49DFE47628A5066000BDCA99 /* QonaqZhai.xcdatamodeld */; };
		49DFE47A28A5066400BDCA99 /* Assets.xcassets in Resources */ = {isa = PBXBuildFile; fileRef = 49DFE47928A5066400BDCA99 /* Assets.xcassets */; };
		49DFE47D28A5066400BDCA99 /* LaunchScreen.storyboard in Resources */ = {isa = PBXBuildFile; fileRef = 49DFE47B28A5066400BDCA99 /* LaunchScreen.storyboard */; };
		49DFE48828A5066500BDCA99 /* QonaqZhaiTests.swift in Sources */ = {isa = PBXBuildFile; fileRef = 49DFE48728A5066500BDCA99 /* QonaqZhaiTests.swift */; };
		49DFE49228A5066500BDCA99 /* QonaqZhaiUITests.swift in Sources */ = {isa = PBXBuildFile; fileRef = 49DFE49128A5066500BDCA99 /* QonaqZhaiUITests.swift */; };
		49DFE49428A5066500BDCA99 /* QonaqZhaiUITestsLaunchTests.swift in Sources */ = {isa = PBXBuildFile; fileRef = 49DFE49328A5066500BDCA99 /* QonaqZhaiUITestsLaunchTests.swift */; };
		49DFE4A128A5282D00BDCA99 /* SearchDetailsView.swift in Sources */ = {isa = PBXBuildFile; fileRef = 49DFE4A028A5282D00BDCA99 /* SearchDetailsView.swift */; };
		49DFE4A328A5460500BDCA99 /* SearchDetailsFieldView.swift in Sources */ = {isa = PBXBuildFile; fileRef = 49DFE4A228A5460500BDCA99 /* SearchDetailsFieldView.swift */; };
/* End PBXBuildFile section */

/* Begin PBXContainerItemProxy section */
		49DFE48428A5066500BDCA99 /* PBXContainerItemProxy */ = {
			isa = PBXContainerItemProxy;
			containerPortal = 49DFE46228A5066000BDCA99 /* Project object */;
			proxyType = 1;
			remoteGlobalIDString = 49DFE46928A5066000BDCA99;
			remoteInfo = QonaqZhai;
		};
		49DFE48E28A5066500BDCA99 /* PBXContainerItemProxy */ = {
			isa = PBXContainerItemProxy;
			containerPortal = 49DFE46228A5066000BDCA99 /* Project object */;
			proxyType = 1;
			remoteGlobalIDString = 49DFE46928A5066000BDCA99;
			remoteInfo = QonaqZhai;
		};
/* End PBXContainerItemProxy section */

/* Begin PBXFileReference section */
		495C9E6228A6A6700079A2C7 /* TabBarViewController.swift */ = {isa = PBXFileReference; lastKnownFileType = sourcecode.swift; path = TabBarViewController.swift; sourceTree = "<group>"; };
		49DFE46A28A5066000BDCA99 /* QonaqZhai.app */ = {isa = PBXFileReference; explicitFileType = wrapper.application; includeInIndex = 0; path = QonaqZhai.app; sourceTree = BUILT_PRODUCTS_DIR; };
		49DFE46D28A5066000BDCA99 /* AppDelegate.swift */ = {isa = PBXFileReference; lastKnownFileType = sourcecode.swift; path = AppDelegate.swift; sourceTree = "<group>"; };
		49DFE46F28A5066000BDCA99 /* SceneDelegate.swift */ = {isa = PBXFileReference; lastKnownFileType = sourcecode.swift; path = SceneDelegate.swift; sourceTree = "<group>"; };
		49DFE47128A5066000BDCA99 /* SearchViewController.swift */ = {isa = PBXFileReference; lastKnownFileType = sourcecode.swift; path = SearchViewController.swift; sourceTree = "<group>"; };
		49DFE47728A5066000BDCA99 /* QonaqZhai.xcdatamodel */ = {isa = PBXFileReference; lastKnownFileType = wrapper.xcdatamodel; path = QonaqZhai.xcdatamodel; sourceTree = "<group>"; };
		49DFE47928A5066400BDCA99 /* Assets.xcassets */ = {isa = PBXFileReference; lastKnownFileType = folder.assetcatalog; path = Assets.xcassets; sourceTree = "<group>"; };
		49DFE47C28A5066400BDCA99 /* Base */ = {isa = PBXFileReference; lastKnownFileType = file.storyboard; name = Base; path = Base.lproj/LaunchScreen.storyboard; sourceTree = "<group>"; };
		49DFE47E28A5066400BDCA99 /* Info.plist */ = {isa = PBXFileReference; lastKnownFileType = text.plist.xml; path = Info.plist; sourceTree = "<group>"; };
		49DFE48328A5066500BDCA99 /* QonaqZhaiTests.xctest */ = {isa = PBXFileReference; explicitFileType = wrapper.cfbundle; includeInIndex = 0; path = QonaqZhaiTests.xctest; sourceTree = BUILT_PRODUCTS_DIR; };
		49DFE48728A5066500BDCA99 /* QonaqZhaiTests.swift */ = {isa = PBXFileReference; lastKnownFileType = sourcecode.swift; path = QonaqZhaiTests.swift; sourceTree = "<group>"; };
		49DFE48D28A5066500BDCA99 /* QonaqZhaiUITests.xctest */ = {isa = PBXFileReference; explicitFileType = wrapper.cfbundle; includeInIndex = 0; path = QonaqZhaiUITests.xctest; sourceTree = BUILT_PRODUCTS_DIR; };
		49DFE49128A5066500BDCA99 /* QonaqZhaiUITests.swift */ = {isa = PBXFileReference; lastKnownFileType = sourcecode.swift; path = QonaqZhaiUITests.swift; sourceTree = "<group>"; };
		49DFE49328A5066500BDCA99 /* QonaqZhaiUITestsLaunchTests.swift */ = {isa = PBXFileReference; lastKnownFileType = sourcecode.swift; path = QonaqZhaiUITestsLaunchTests.swift; sourceTree = "<group>"; };
		49DFE4A028A5282D00BDCA99 /* SearchDetailsView.swift */ = {isa = PBXFileReference; lastKnownFileType = sourcecode.swift; path = SearchDetailsView.swift; sourceTree = "<group>"; };
		49DFE4A228A5460500BDCA99 /* SearchDetailsFieldView.swift */ = {isa = PBXFileReference; lastKnownFileType = sourcecode.swift; path = SearchDetailsFieldView.swift; sourceTree = "<group>"; };
/* End PBXFileReference section */

/* Begin PBXFrameworksBuildPhase section */
		49DFE46728A5066000BDCA99 /* Frameworks */ = {
			isa = PBXFrameworksBuildPhase;
			buildActionMask = 2147483647;
			files = (
			);
			runOnlyForDeploymentPostprocessing = 0;
		};
		49DFE48028A5066500BDCA99 /* Frameworks */ = {
			isa = PBXFrameworksBuildPhase;
			buildActionMask = 2147483647;
			files = (
			);
			runOnlyForDeploymentPostprocessing = 0;
		};
		49DFE48A28A5066500BDCA99 /* Frameworks */ = {
			isa = PBXFrameworksBuildPhase;
			buildActionMask = 2147483647;
			files = (
			);
			runOnlyForDeploymentPostprocessing = 0;
		};
/* End PBXFrameworksBuildPhase section */

/* Begin PBXGroup section */
		495C9E5D28A6A5730079A2C7 /* Controllers */ = {
			isa = PBXGroup;
			children = (
				49DFE47128A5066000BDCA99 /* SearchViewController.swift */,
				495C9E6228A6A6700079A2C7 /* TabBarViewController.swift */,
			);
			path = Controllers;
			sourceTree = "<group>";
		};
		495C9E5E28A6A57F0079A2C7 /* Views */ = {
			isa = PBXGroup;
			children = (
				49DFE47B28A5066400BDCA99 /* LaunchScreen.storyboard */,
				49DFE4A228A5460500BDCA99 /* SearchDetailsFieldView.swift */,
				49DFE4A028A5282D00BDCA99 /* SearchDetailsView.swift */,
			);
			path = Views;
			sourceTree = "<group>";
		};
		495C9E5F28A6A58E0079A2C7 /* Models */ = {
			isa = PBXGroup;
			children = (
			);
			path = Models;
			sourceTree = "<group>";
		};
		495C9E6028A6A5930079A2C7 /* Managers */ = {
			isa = PBXGroup;
			children = (
			);
			path = Managers;
			sourceTree = "<group>";
		};
		495C9E6128A6A59A0079A2C7 /* Resources */ = {
			isa = PBXGroup;
			children = (
				49DFE47928A5066400BDCA99 /* Assets.xcassets */,
				49DFE46D28A5066000BDCA99 /* AppDelegate.swift */,
				49DFE47E28A5066400BDCA99 /* Info.plist */,
				49DFE46F28A5066000BDCA99 /* SceneDelegate.swift */,
			);
			path = Resources;
			sourceTree = "<group>";
		};
		49DFE46128A5066000BDCA99 = {
			isa = PBXGroup;
			children = (
				49DFE46C28A5066000BDCA99 /* QonaqZhai */,
				49DFE48628A5066500BDCA99 /* QonaqZhaiTests */,
				49DFE49028A5066500BDCA99 /* QonaqZhaiUITests */,
				49DFE46B28A5066000BDCA99 /* Products */,
			);
			sourceTree = "<group>";
		};
		49DFE46B28A5066000BDCA99 /* Products */ = {
			isa = PBXGroup;
			children = (
				49DFE46A28A5066000BDCA99 /* QonaqZhai.app */,
				49DFE48328A5066500BDCA99 /* QonaqZhaiTests.xctest */,
				49DFE48D28A5066500BDCA99 /* QonaqZhaiUITests.xctest */,
			);
			name = Products;
			sourceTree = "<group>";
		};
		49DFE46C28A5066000BDCA99 /* QonaqZhai */ = {
			isa = PBXGroup;
			children = (
				495C9E6028A6A5930079A2C7 /* Managers */,
				495C9E5F28A6A58E0079A2C7 /* Models */,
				495C9E5E28A6A57F0079A2C7 /* Views */,
				495C9E5D28A6A5730079A2C7 /* Controllers */,
				49DFE47628A5066000BDCA99 /* QonaqZhai.xcdatamodeld */,
				495C9E6128A6A59A0079A2C7 /* Resources */,
			);
			path = QonaqZhai;
			sourceTree = "<group>";
		};
		49DFE48628A5066500BDCA99 /* QonaqZhaiTests */ = {
			isa = PBXGroup;
			children = (
				49DFE48728A5066500BDCA99 /* QonaqZhaiTests.swift */,
			);
			path = QonaqZhaiTests;
			sourceTree = "<group>";
		};
		49DFE49028A5066500BDCA99 /* QonaqZhaiUITests */ = {
			isa = PBXGroup;
			children = (
				49DFE49128A5066500BDCA99 /* QonaqZhaiUITests.swift */,
				49DFE49328A5066500BDCA99 /* QonaqZhaiUITestsLaunchTests.swift */,
			);
			path = QonaqZhaiUITests;
			sourceTree = "<group>";
		};
/* End PBXGroup section */

/* Begin PBXNativeTarget section */
		49DFE46928A5066000BDCA99 /* QonaqZhai */ = {
			isa = PBXNativeTarget;
			buildConfigurationList = 49DFE49728A5066500BDCA99 /* Build configuration list for PBXNativeTarget "QonaqZhai" */;
			buildPhases = (
				49DFE46628A5066000BDCA99 /* Sources */,
				49DFE46728A5066000BDCA99 /* Frameworks */,
				49DFE46828A5066000BDCA99 /* Resources */,
			);
			buildRules = (
			);
			dependencies = (
			);
			name = QonaqZhai;
			productName = QonaqZhai;
			productReference = 49DFE46A28A5066000BDCA99 /* QonaqZhai.app */;
			productType = "com.apple.product-type.application";
		};
		49DFE48228A5066500BDCA99 /* QonaqZhaiTests */ = {
			isa = PBXNativeTarget;
			buildConfigurationList = 49DFE49A28A5066500BDCA99 /* Build configuration list for PBXNativeTarget "QonaqZhaiTests" */;
			buildPhases = (
				49DFE47F28A5066500BDCA99 /* Sources */,
				49DFE48028A5066500BDCA99 /* Frameworks */,
				49DFE48128A5066500BDCA99 /* Resources */,
			);
			buildRules = (
			);
			dependencies = (
				49DFE48528A5066500BDCA99 /* PBXTargetDependency */,
			);
			name = QonaqZhaiTests;
			productName = QonaqZhaiTests;
			productReference = 49DFE48328A5066500BDCA99 /* QonaqZhaiTests.xctest */;
			productType = "com.apple.product-type.bundle.unit-test";
		};
		49DFE48C28A5066500BDCA99 /* QonaqZhaiUITests */ = {
			isa = PBXNativeTarget;
			buildConfigurationList = 49DFE49D28A5066500BDCA99 /* Build configuration list for PBXNativeTarget "QonaqZhaiUITests" */;
			buildPhases = (
				49DFE48928A5066500BDCA99 /* Sources */,
				49DFE48A28A5066500BDCA99 /* Frameworks */,
				49DFE48B28A5066500BDCA99 /* Resources */,
			);
			buildRules = (
			);
			dependencies = (
				49DFE48F28A5066500BDCA99 /* PBXTargetDependency */,
			);
			name = QonaqZhaiUITests;
			productName = QonaqZhaiUITests;
			productReference = 49DFE48D28A5066500BDCA99 /* QonaqZhaiUITests.xctest */;
			productType = "com.apple.product-type.bundle.ui-testing";
		};
/* End PBXNativeTarget section */

/* Begin PBXProject section */
		49DFE46228A5066000BDCA99 /* Project object */ = {
			isa = PBXProject;
			attributes = {
				BuildIndependentTargetsInParallel = 1;
				LastSwiftUpdateCheck = 1320;
				LastUpgradeCheck = 1320;
				TargetAttributes = {
					49DFE46928A5066000BDCA99 = {
						CreatedOnToolsVersion = 13.2.1;
					};
					49DFE48228A5066500BDCA99 = {
						CreatedOnToolsVersion = 13.2.1;
						TestTargetID = 49DFE46928A5066000BDCA99;
					};
					49DFE48C28A5066500BDCA99 = {
						CreatedOnToolsVersion = 13.2.1;
						TestTargetID = 49DFE46928A5066000BDCA99;
					};
				};
			};
			buildConfigurationList = 49DFE46528A5066000BDCA99 /* Build configuration list for PBXProject "QonaqZhai" */;
			compatibilityVersion = "Xcode 13.0";
			developmentRegion = en;
			hasScannedForEncodings = 0;
			knownRegions = (
				en,
				Base,
			);
			mainGroup = 49DFE46128A5066000BDCA99;
			productRefGroup = 49DFE46B28A5066000BDCA99 /* Products */;
			projectDirPath = "";
			projectRoot = "";
			targets = (
				49DFE46928A5066000BDCA99 /* QonaqZhai */,
				49DFE48228A5066500BDCA99 /* QonaqZhaiTests */,
				49DFE48C28A5066500BDCA99 /* QonaqZhaiUITests */,
			);
		};
/* End PBXProject section */

/* Begin PBXResourcesBuildPhase section */
		49DFE46828A5066000BDCA99 /* Resources */ = {
			isa = PBXResourcesBuildPhase;
			buildActionMask = 2147483647;
			files = (
				49DFE47D28A5066400BDCA99 /* LaunchScreen.storyboard in Resources */,
				49DFE47A28A5066400BDCA99 /* Assets.xcassets in Resources */,
			);
			runOnlyForDeploymentPostprocessing = 0;
		};
		49DFE48128A5066500BDCA99 /* Resources */ = {
			isa = PBXResourcesBuildPhase;
			buildActionMask = 2147483647;
			files = (
			);
			runOnlyForDeploymentPostprocessing = 0;
		};
		49DFE48B28A5066500BDCA99 /* Resources */ = {
			isa = PBXResourcesBuildPhase;
			buildActionMask = 2147483647;
			files = (
			);
			runOnlyForDeploymentPostprocessing = 0;
		};
/* End PBXResourcesBuildPhase section */

/* Begin PBXSourcesBuildPhase section */
		49DFE46628A5066000BDCA99 /* Sources */ = {
			isa = PBXSourcesBuildPhase;
			buildActionMask = 2147483647;
			files = (
				49DFE47228A5066000BDCA99 /* SearchViewController.swift in Sources */,
				49DFE46E28A5066000BDCA99 /* AppDelegate.swift in Sources */,
				49DFE4A328A5460500BDCA99 /* SearchDetailsFieldView.swift in Sources */,
				49DFE47828A5066000BDCA99 /* QonaqZhai.xcdatamodeld in Sources */,
				495C9E6328A6A6700079A2C7 /* TabBarViewController.swift in Sources */,
				49DFE4A128A5282D00BDCA99 /* SearchDetailsView.swift in Sources */,
				49DFE47028A5066000BDCA99 /* SceneDelegate.swift in Sources */,
			);
			runOnlyForDeploymentPostprocessing = 0;
		};
		49DFE47F28A5066500BDCA99 /* Sources */ = {
			isa = PBXSourcesBuildPhase;
			buildActionMask = 2147483647;
			files = (
				49DFE48828A5066500BDCA99 /* QonaqZhaiTests.swift in Sources */,
			);
			runOnlyForDeploymentPostprocessing = 0;
		};
		49DFE48928A5066500BDCA99 /* Sources */ = {
			isa = PBXSourcesBuildPhase;
			buildActionMask = 2147483647;
			files = (
				49DFE49228A5066500BDCA99 /* QonaqZhaiUITests.swift in Sources */,
				49DFE49428A5066500BDCA99 /* QonaqZhaiUITestsLaunchTests.swift in Sources */,
			);
			runOnlyForDeploymentPostprocessing = 0;
		};
/* End PBXSourcesBuildPhase section */

/* Begin PBXTargetDependency section */
		49DFE48528A5066500BDCA99 /* PBXTargetDependency */ = {
			isa = PBXTargetDependency;
			target = 49DFE46928A5066000BDCA99 /* QonaqZhai */;
			targetProxy = 49DFE48428A5066500BDCA99 /* PBXContainerItemProxy */;
		};
		49DFE48F28A5066500BDCA99 /* PBXTargetDependency */ = {
			isa = PBXTargetDependency;
			target = 49DFE46928A5066000BDCA99 /* QonaqZhai */;
			targetProxy = 49DFE48E28A5066500BDCA99 /* PBXContainerItemProxy */;
		};
/* End PBXTargetDependency section */

/* Begin PBXVariantGroup section */
		49DFE47B28A5066400BDCA99 /* LaunchScreen.storyboard */ = {
			isa = PBXVariantGroup;
			children = (
				49DFE47C28A5066400BDCA99 /* Base */,
			);
			name = LaunchScreen.storyboard;
			sourceTree = "<group>";
		};
/* End PBXVariantGroup section */

/* Begin XCBuildConfiguration section */
		49DFE49528A5066500BDCA99 /* Debug */ = {
			isa = XCBuildConfiguration;
			buildSettings = {
				ALWAYS_SEARCH_USER_PATHS = NO;
				CLANG_ANALYZER_NONNULL = YES;
				CLANG_ANALYZER_NUMBER_OBJECT_CONVERSION = YES_AGGRESSIVE;
				CLANG_CXX_LANGUAGE_STANDARD = "gnu++17";
				CLANG_CXX_LIBRARY = "libc++";
				CLANG_ENABLE_MODULES = YES;
				CLANG_ENABLE_OBJC_ARC = YES;
				CLANG_ENABLE_OBJC_WEAK = YES;
				CLANG_WARN_BLOCK_CAPTURE_AUTORELEASING = YES;
				CLANG_WARN_BOOL_CONVERSION = YES;
				CLANG_WARN_COMMA = YES;
				CLANG_WARN_CONSTANT_CONVERSION = YES;
				CLANG_WARN_DEPRECATED_OBJC_IMPLEMENTATIONS = YES;
				CLANG_WARN_DIRECT_OBJC_ISA_USAGE = YES_ERROR;
				CLANG_WARN_DOCUMENTATION_COMMENTS = YES;
				CLANG_WARN_EMPTY_BODY = YES;
				CLANG_WARN_ENUM_CONVERSION = YES;
				CLANG_WARN_INFINITE_RECURSION = YES;
				CLANG_WARN_INT_CONVERSION = YES;
				CLANG_WARN_NON_LITERAL_NULL_CONVERSION = YES;
				CLANG_WARN_OBJC_IMPLICIT_RETAIN_SELF = YES;
				CLANG_WARN_OBJC_LITERAL_CONVERSION = YES;
				CLANG_WARN_OBJC_ROOT_CLASS = YES_ERROR;
				CLANG_WARN_QUOTED_INCLUDE_IN_FRAMEWORK_HEADER = YES;
				CLANG_WARN_RANGE_LOOP_ANALYSIS = YES;
				CLANG_WARN_STRICT_PROTOTYPES = YES;
				CLANG_WARN_SUSPICIOUS_MOVE = YES;
				CLANG_WARN_UNGUARDED_AVAILABILITY = YES_AGGRESSIVE;
				CLANG_WARN_UNREACHABLE_CODE = YES;
				CLANG_WARN__DUPLICATE_METHOD_MATCH = YES;
				COPY_PHASE_STRIP = NO;
				DEBUG_INFORMATION_FORMAT = dwarf;
				ENABLE_STRICT_OBJC_MSGSEND = YES;
				ENABLE_TESTABILITY = YES;
				GCC_C_LANGUAGE_STANDARD = gnu11;
				GCC_DYNAMIC_NO_PIC = NO;
				GCC_NO_COMMON_BLOCKS = YES;
				GCC_OPTIMIZATION_LEVEL = 0;
				GCC_PREPROCESSOR_DEFINITIONS = (
					"DEBUG=1",
					"$(inherited)",
				);
				GCC_WARN_64_TO_32_BIT_CONVERSION = YES;
				GCC_WARN_ABOUT_RETURN_TYPE = YES_ERROR;
				GCC_WARN_UNDECLARED_SELECTOR = YES;
				GCC_WARN_UNINITIALIZED_AUTOS = YES_AGGRESSIVE;
				GCC_WARN_UNUSED_FUNCTION = YES;
				GCC_WARN_UNUSED_VARIABLE = YES;
				IPHONEOS_DEPLOYMENT_TARGET = 15.2;
				MTL_ENABLE_DEBUG_INFO = INCLUDE_SOURCE;
				MTL_FAST_MATH = YES;
				ONLY_ACTIVE_ARCH = YES;
				SDKROOT = iphoneos;
				SWIFT_ACTIVE_COMPILATION_CONDITIONS = DEBUG;
				SWIFT_OPTIMIZATION_LEVEL = "-Onone";
			};
			name = Debug;
		};
		49DFE49628A5066500BDCA99 /* Release */ = {
			isa = XCBuildConfiguration;
			buildSettings = {
				ALWAYS_SEARCH_USER_PATHS = NO;
				CLANG_ANALYZER_NONNULL = YES;
				CLANG_ANALYZER_NUMBER_OBJECT_CONVERSION = YES_AGGRESSIVE;
				CLANG_CXX_LANGUAGE_STANDARD = "gnu++17";
				CLANG_CXX_LIBRARY = "libc++";
				CLANG_ENABLE_MODULES = YES;
				CLANG_ENABLE_OBJC_ARC = YES;
				CLANG_ENABLE_OBJC_WEAK = YES;
				CLANG_WARN_BLOCK_CAPTURE_AUTORELEASING = YES;
				CLANG_WARN_BOOL_CONVERSION = YES;
				CLANG_WARN_COMMA = YES;
				CLANG_WARN_CONSTANT_CONVERSION = YES;
				CLANG_WARN_DEPRECATED_OBJC_IMPLEMENTATIONS = YES;
				CLANG_WARN_DIRECT_OBJC_ISA_USAGE = YES_ERROR;
				CLANG_WARN_DOCUMENTATION_COMMENTS = YES;
				CLANG_WARN_EMPTY_BODY = YES;
				CLANG_WARN_ENUM_CONVERSION = YES;
				CLANG_WARN_INFINITE_RECURSION = YES;
				CLANG_WARN_INT_CONVERSION = YES;
				CLANG_WARN_NON_LITERAL_NULL_CONVERSION = YES;
				CLANG_WARN_OBJC_IMPLICIT_RETAIN_SELF = YES;
				CLANG_WARN_OBJC_LITERAL_CONVERSION = YES;
				CLANG_WARN_OBJC_ROOT_CLASS = YES_ERROR;
				CLANG_WARN_QUOTED_INCLUDE_IN_FRAMEWORK_HEADER = YES;
				CLANG_WARN_RANGE_LOOP_ANALYSIS = YES;
				CLANG_WARN_STRICT_PROTOTYPES = YES;
				CLANG_WARN_SUSPICIOUS_MOVE = YES;
				CLANG_WARN_UNGUARDED_AVAILABILITY = YES_AGGRESSIVE;
				CLANG_WARN_UNREACHABLE_CODE = YES;
				CLANG_WARN__DUPLICATE_METHOD_MATCH = YES;
				COPY_PHASE_STRIP = NO;
				DEBUG_INFORMATION_FORMAT = "dwarf-with-dsym";
				ENABLE_NS_ASSERTIONS = NO;
				ENABLE_STRICT_OBJC_MSGSEND = YES;
				GCC_C_LANGUAGE_STANDARD = gnu11;
				GCC_NO_COMMON_BLOCKS = YES;
				GCC_WARN_64_TO_32_BIT_CONVERSION = YES;
				GCC_WARN_ABOUT_RETURN_TYPE = YES_ERROR;
				GCC_WARN_UNDECLARED_SELECTOR = YES;
				GCC_WARN_UNINITIALIZED_AUTOS = YES_AGGRESSIVE;
				GCC_WARN_UNUSED_FUNCTION = YES;
				GCC_WARN_UNUSED_VARIABLE = YES;
				IPHONEOS_DEPLOYMENT_TARGET = 15.2;
				MTL_ENABLE_DEBUG_INFO = NO;
				MTL_FAST_MATH = YES;
				SDKROOT = iphoneos;
				SWIFT_COMPILATION_MODE = wholemodule;
				SWIFT_OPTIMIZATION_LEVEL = "-O";
				VALIDATE_PRODUCT = YES;
			};
			name = Release;
		};
		49DFE49828A5066500BDCA99 /* Debug */ = {
			isa = XCBuildConfiguration;
			buildSettings = {
				ASSETCATALOG_COMPILER_APPICON_NAME = AppIcon;
				ASSETCATALOG_COMPILER_GLOBAL_ACCENT_COLOR_NAME = AccentColor;
				CODE_SIGN_STYLE = Automatic;
				CURRENT_PROJECT_VERSION = 1;
				GENERATE_INFOPLIST_FILE = YES;
				INFOPLIST_FILE = QonaqZhai/Info.plist;
				INFOPLIST_KEY_UIApplicationSupportsIndirectInputEvents = YES;
				INFOPLIST_KEY_UILaunchStoryboardName = LaunchScreen;
				INFOPLIST_KEY_UIMainStoryboardFile = LaunchScreen;
				INFOPLIST_KEY_UISupportedInterfaceOrientations = UIInterfaceOrientationPortrait;
				INFOPLIST_KEY_UISupportedInterfaceOrientations_iPad = "UIInterfaceOrientationPortrait UIInterfaceOrientationPortraitUpsideDown UIInterfaceOrientationLandscapeLeft UIInterfaceOrientationLandscapeRight";
				INFOPLIST_KEY_UISupportedInterfaceOrientations_iPhone = "UIInterfaceOrientationPortrait UIInterfaceOrientationLandscapeLeft UIInterfaceOrientationLandscapeRight";
				IPHONEOS_DEPLOYMENT_TARGET = 15.0;
				LD_RUNPATH_SEARCH_PATHS = (
					"$(inherited)",
					"@executable_path/Frameworks",
				);
				MARKETING_VERSION = 1.0;
				PRODUCT_BUNDLE_IDENTIFIER = com.islamsh.QonaqZhai;
				PRODUCT_NAME = "$(TARGET_NAME)";
				SWIFT_EMIT_LOC_STRINGS = YES;
				SWIFT_VERSION = 5.0;
				TARGETED_DEVICE_FAMILY = 1;
			};
			name = Debug;
		};
		49DFE49928A5066500BDCA99 /* Release */ = {
			isa = XCBuildConfiguration;
			buildSettings = {
				ASSETCATALOG_COMPILER_APPICON_NAME = AppIcon;
				ASSETCATALOG_COMPILER_GLOBAL_ACCENT_COLOR_NAME = AccentColor;
				CODE_SIGN_STYLE = Automatic;
				CURRENT_PROJECT_VERSION = 1;
				GENERATE_INFOPLIST_FILE = YES;
				INFOPLIST_FILE = QonaqZhai/Info.plist;
				INFOPLIST_KEY_UIApplicationSupportsIndirectInputEvents = YES;
				INFOPLIST_KEY_UILaunchStoryboardName = LaunchScreen;
				INFOPLIST_KEY_UIMainStoryboardFile = LaunchScreen;
				INFOPLIST_KEY_UISupportedInterfaceOrientations = UIInterfaceOrientationPortrait;
				INFOPLIST_KEY_UISupportedInterfaceOrientations_iPad = "UIInterfaceOrientationPortrait UIInterfaceOrientationPortraitUpsideDown UIInterfaceOrientationLandscapeLeft UIInterfaceOrientationLandscapeRight";
				INFOPLIST_KEY_UISupportedInterfaceOrientations_iPhone = "UIInterfaceOrientationPortrait UIInterfaceOrientationLandscapeLeft UIInterfaceOrientationLandscapeRight";
				IPHONEOS_DEPLOYMENT_TARGET = 15.0;
				LD_RUNPATH_SEARCH_PATHS = (
					"$(inherited)",
					"@executable_path/Frameworks",
				);
				MARKETING_VERSION = 1.0;
				PRODUCT_BUNDLE_IDENTIFIER = com.islamsh.QonaqZhai;
				PRODUCT_NAME = "$(TARGET_NAME)";
				SWIFT_EMIT_LOC_STRINGS = YES;
				SWIFT_VERSION = 5.0;
				TARGETED_DEVICE_FAMILY = 1;
			};
			name = Release;
		};
		49DFE49B28A5066500BDCA99 /* Debug */ = {
			isa = XCBuildConfiguration;
			buildSettings = {
				ALWAYS_EMBED_SWIFT_STANDARD_LIBRARIES = YES;
				BUNDLE_LOADER = "$(TEST_HOST)";
				CODE_SIGN_STYLE = Automatic;
				CURRENT_PROJECT_VERSION = 1;
				GENERATE_INFOPLIST_FILE = YES;
				IPHONEOS_DEPLOYMENT_TARGET = 15.2;
				MARKETING_VERSION = 1.0;
				PRODUCT_BUNDLE_IDENTIFIER = com.islamsh.QonaqZhaiTests;
				PRODUCT_NAME = "$(TARGET_NAME)";
				SWIFT_EMIT_LOC_STRINGS = NO;
				SWIFT_VERSION = 5.0;
				TARGETED_DEVICE_FAMILY = "1,2";
				TEST_HOST = "$(BUILT_PRODUCTS_DIR)/QonaqZhai.app/QonaqZhai";
			};
			name = Debug;
		};
		49DFE49C28A5066500BDCA99 /* Release */ = {
			isa = XCBuildConfiguration;
			buildSettings = {
				ALWAYS_EMBED_SWIFT_STANDARD_LIBRARIES = YES;
				BUNDLE_LOADER = "$(TEST_HOST)";
				CODE_SIGN_STYLE = Automatic;
				CURRENT_PROJECT_VERSION = 1;
				GENERATE_INFOPLIST_FILE = YES;
				IPHONEOS_DEPLOYMENT_TARGET = 15.2;
				MARKETING_VERSION = 1.0;
				PRODUCT_BUNDLE_IDENTIFIER = com.islamsh.QonaqZhaiTests;
				PRODUCT_NAME = "$(TARGET_NAME)";
				SWIFT_EMIT_LOC_STRINGS = NO;
				SWIFT_VERSION = 5.0;
				TARGETED_DEVICE_FAMILY = "1,2";
				TEST_HOST = "$(BUILT_PRODUCTS_DIR)/QonaqZhai.app/QonaqZhai";
			};
			name = Release;
		};
		49DFE49E28A5066500BDCA99 /* Debug */ = {
			isa = XCBuildConfiguration;
			buildSettings = {
				ALWAYS_EMBED_SWIFT_STANDARD_LIBRARIES = YES;
				CODE_SIGN_STYLE = Automatic;
				CURRENT_PROJECT_VERSION = 1;
				GENERATE_INFOPLIST_FILE = YES;
				MARKETING_VERSION = 1.0;
				PRODUCT_BUNDLE_IDENTIFIER = com.islamsh.QonaqZhaiUITests;
				PRODUCT_NAME = "$(TARGET_NAME)";
				SWIFT_EMIT_LOC_STRINGS = NO;
				SWIFT_VERSION = 5.0;
				TARGETED_DEVICE_FAMILY = "1,2";
				TEST_TARGET_NAME = QonaqZhai;
			};
			name = Debug;
		};
		49DFE49F28A5066500BDCA99 /* Release */ = {
			isa = XCBuildConfiguration;
			buildSettings = {
				ALWAYS_EMBED_SWIFT_STANDARD_LIBRARIES = YES;
				CODE_SIGN_STYLE = Automatic;
				CURRENT_PROJECT_VERSION = 1;
				GENERATE_INFOPLIST_FILE = YES;
				MARKETING_VERSION = 1.0;
				PRODUCT_BUNDLE_IDENTIFIER = com.islamsh.QonaqZhaiUITests;
				PRODUCT_NAME = "$(TARGET_NAME)";
				SWIFT_EMIT_LOC_STRINGS = NO;
				SWIFT_VERSION = 5.0;
				TARGETED_DEVICE_FAMILY = "1,2";
				TEST_TARGET_NAME = QonaqZhai;
			};
			name = Release;
		};
/* End XCBuildConfiguration section */

/* Begin XCConfigurationList section */
		49DFE46528A5066000BDCA99 /* Build configuration list for PBXProject "QonaqZhai" */ = {
			isa = XCConfigurationList;
			buildConfigurations = (
				49DFE49528A5066500BDCA99 /* Debug */,
				49DFE49628A5066500BDCA99 /* Release */,
			);
			defaultConfigurationIsVisible = 0;
			defaultConfigurationName = Release;
		};
		49DFE49728A5066500BDCA99 /* Build configuration list for PBXNativeTarget "QonaqZhai" */ = {
			isa = XCConfigurationList;
			buildConfigurations = (
				49DFE49828A5066500BDCA99 /* Debug */,
				49DFE49928A5066500BDCA99 /* Release */,
			);
			defaultConfigurationIsVisible = 0;
			defaultConfigurationName = Release;
		};
		49DFE49A28A5066500BDCA99 /* Build configuration list for PBXNativeTarget "QonaqZhaiTests" */ = {
			isa = XCConfigurationList;
			buildConfigurations = (
				49DFE49B28A5066500BDCA99 /* Debug */,
				49DFE49C28A5066500BDCA99 /* Release */,
			);
			defaultConfigurationIsVisible = 0;
			defaultConfigurationName = Release;
		};
		49DFE49D28A5066500BDCA99 /* Build configuration list for PBXNativeTarget "QonaqZhaiUITests" */ = {
			isa = XCConfigurationList;
			buildConfigurations = (
				49DFE49E28A5066500BDCA99 /* Debug */,
				49DFE49F28A5066500BDCA99 /* Release */,
			);
			defaultConfigurationIsVisible = 0;
			defaultConfigurationName = Release;
		};
/* End XCConfigurationList section */

/* Begin XCVersionGroup section */
		49DFE47628A5066000BDCA99 /* QonaqZhai.xcdatamodeld */ = {
			isa = XCVersionGroup;
			children = (
				49DFE47728A5066000BDCA99 /* QonaqZhai.xcdatamodel */,
			);
			currentVersion = 49DFE47728A5066000BDCA99 /* QonaqZhai.xcdatamodel */;
			path = QonaqZhai.xcdatamodeld;
			sourceTree = "<group>";
			versionGroupType = wrapper.xcdatamodel;
		};
/* End XCVersionGroup section */
	};
	rootObject = 49DFE46228A5066000BDCA99 /* Project object */;
}
